{
  "name": "language-basic",
  "version": "1.0.0",
  "lockfileVersion": 3,
  "requires": true,
  "packages": {
    "": {
      "name": "language-basic",
      "version": "1.0.0",
      "license": "MIT",
      "dependencies": {
        "language-basic": "file:"
      }
    },
    "node_modules/language-basic": {
      "resolved": "",
      "link": true
    }
  }
}
